PODS:
  - AlipaySDK-iOS (15.7.9)
  - connectivity (0.0.1):
    - Flutter
    - Reachability
  - Flutter (1.0.0)
  - fluttertoast (0.0.2):
    - Flutter
    - Toast
  - fluwx (0.0.1):
    - Flutter
    - WechatOpenSDK (= 1.8.7.1)
  - image_gallery_saver (1.5.0):
    - Flutter
  - image_picker (0.0.1):
    - Flutter
  - "permission_handler (5.1.0+2)":
    - Flutter
  - Reachability (3.2)
  - shared_preferences (0.0.1):
    - Flutter
  - Toast (4.0.0)
  - tobias (0.0.1):
    - AlipaySDK-iOS (~> 15.7.9)
    - Flutter
  - WechatOpenSDK (1.8.7.1)

DEPENDENCIES:
  - connectivity (from `.symlinks/plugins/connectivity/ios`)
  - Flutter (from `Flutter`)
  - fluttertoast (from `.symlinks/plugins/fluttertoast/ios`)
  - fluwx (from `.symlinks/plugins/fluwx/ios`)
  - image_gallery_saver (from `.symlinks/plugins/image_gallery_saver/ios`)
  - image_picker (from `.symlinks/plugins/image_picker/ios`)
  - permission_handler (from `.symlinks/plugins/permission_handler/ios`)
  - shared_preferences (from `.symlinks/plugins/shared_preferences/ios`)
  - tobias (from `.symlinks/plugins/tobias/ios`)

SPEC REPOS:
  trunk:
    - AlipaySDK-iOS
    - Reachability
    - Toast
    - WechatOpenSDK

EXTERNAL SOURCES:
  connectivity:
    :path: ".symlinks/plugins/connectivity/ios"
  Flutter:
    :path: Flutter
  fluttertoast:
    :path: ".symlinks/plugins/fluttertoast/ios"
  fluwx:
    :path: ".symlinks/plugins/fluwx/ios"
  image_gallery_saver:
    :path: ".symlinks/plugins/image_gallery_saver/ios"
  image_picker:
    :path: ".symlinks/plugins/image_picker/ios"
  permission_handler:
    :path: ".symlinks/plugins/permission_handler/ios"
  shared_preferences:
    :path: ".symlinks/plugins/shared_preferences/ios"
  tobias:
    :path: ".symlinks/plugins/tobias/ios"

SPEC CHECKSUMS:
  AlipaySDK-iOS: 94ff4c0e17c5e7d126b8207596d5033006534c25
  connectivity: c4130b2985d4ef6fd26f9702e886bd5260681467
  Flutter: 434fef37c0980e73bb6479ef766c45957d4b510c
  fluttertoast: 6122fa75143e992b1d3470f61000f591a798cc58
  fluwx: 07a55ed66bf3a4961e836a2a411b02dcada32902
  image_gallery_saver: 259eab68fb271cfd57d599904f7acdc7832e7ef2
  image_picker: 50e7c7ff960e5f58faa4d1f4af84a771c671bc4a
  permission_handler: ccb20a9fad0ee9b1314a52b70b76b473c5f8dab0
  Reachability: 33e18b67625424e47b6cde6d202dce689ad7af96
  shared_preferences: af6bfa751691cdc24be3045c43ec037377ada40d
  Toast: 91b396c56ee72a5790816f40d3a94dd357abc196
  tobias: 6872e2198dc30e17c10513b9ee114e28d099bc70
  WechatOpenSDK: 6a4d1436c15b3b5fe2a0bd383f3046010186da44

PODFILE CHECKSUM: aafe91acc616949ddb318b77800a7f51bffa2a4c

COCOAPODS: 1.10.1
